
Microsoft Visual Studio Solution File, Format Version 11.00
# Visual Studio 2010
Project("{FAE04EC0-301F-11D3-BF4B-00C04F79EFBC}") = "unityShaderDemo", "Assembly-CSharp.csproj", "{CC1034B8-F98C-66E7-E712-C3D99C89201C}"
EndProject
Global
	GlobalSection(SolutionConfigurationPlatforms) = preSolution
		Debug|Any CPU = Debug|Any CPU
		Release|Any CPU = Release|Any CPU
	EndGlobalSection
	GlobalSection(ProjectConfigurationPlatforms) = postSolution
		{CC1034B8-F98C-66E7-E712-C3D99C89201C}.Debug|Any CPU.ActiveCfg = Debug|Any CPU
		{CC1034B8-F98C-66E7-E712-C3D99C89201C}.Debug|Any CPU.Build.0 = Debug|Any CPU
		{CC1034B8-F98C-66E7-E712-C3D99C89201C}.Release|Any CPU.ActiveCfg = Release|Any CPU
		{CC1034B8-F98C-66E7-E712-C3D99C89201C}.Release|Any CPU.Build.0 = Release|Any CPU
	EndGlobalSection
	GlobalSection(SolutionProperties) = preSolution
		HideSolutionNode = FALSE
	EndGlobalSection
	GlobalSection(MonoDevelopProperties) = preSolution
		StartupItem = Assembly-CSharp.csproj
	EndGlobalSection
EndGlobal
