
Microsoft Visual Studio Solution File, Format Version 12.00
# Visual Studio 2015
Project("{FAE04EC0-301F-11D3-BF4B-00C04F79EFBC}") = "unityShaderDemo", "unityShaderDemo.csproj", "{6C55030E-E423-1CAF-71BB-96A17276FE26}"
EndProject
Global
	GlobalSection(SolutionConfigurationPlatforms) = preSolution
		Debug|Any CPU = Debug|Any CPU
		Release|Any CPU = Release|Any CPU
	EndGlobalSection
	GlobalSection(ProjectConfigurationPlatforms) = postSolution
		{6C55030E-E423-1CAF-71BB-96A17276FE26}.Debug|Any CPU.ActiveCfg = Debug|Any CPU
		{6C55030E-E423-1CAF-71BB-96A17276FE26}.Debug|Any CPU.Build.0 = Debug|Any CPU
		{6C55030E-E423-1CAF-71BB-96A17276FE26}.Release|Any CPU.ActiveCfg = Release|Any CPU
		{6C55030E-E423-1CAF-71BB-96A17276FE26}.Release|Any CPU.Build.0 = Release|Any CPU
	EndGlobalSection
	GlobalSection(SolutionProperties) = preSolution
		HideSolutionNode = FALSE
	EndGlobalSection
EndGlobal
